
Microsoft Visual Studio Solution File, Format Version 12.00
# Visual Studio 15
VisualStudioVersion = 15.0.27428.2037
MinimumVisualStudioVersion = 10.0.40219.1
Project("{FAE04EC0-301F-11D3-BF4B-00C04F79EFBC}") = "Mod2_Lab1", "Mod2_Lab1\Mod2_Lab1.csproj", "{ECFEE81E-59B9-4658-85A8-CDC17F97BA15}"
EndProject
Global
	GlobalSection(SolutionConfigurationPlatforms) = preSolution
		Debug|Any CPU = Debug|Any CPU
		Release|Any CPU = Release|Any CPU
	EndGlobalSection
	GlobalSection(ProjectConfigurationPlatforms) = postSolution
		{ECFEE81E-59B9-4658-85A8-CDC17F97BA15}.Debug|Any CPU.ActiveCfg = Debug|Any CPU
		{ECFEE81E-59B9-4658-85A8-CDC17F97BA15}.Debug|Any CPU.Build.0 = Debug|Any CPU
		{ECFEE81E-59B9-4658-85A8-CDC17F97BA15}.Release|Any CPU.ActiveCfg = Release|Any CPU
		{ECFEE81E-59B9-4658-85A8-CDC17F97BA15}.Release|Any CPU.Build.0 = Release|Any CPU
	EndGlobalSection
	GlobalSection(SolutionProperties) = preSolution
		HideSolutionNode = FALSE
	EndGlobalSection
	GlobalSection(ExtensibilityGlobals) = postSolution
		SolutionGuid = {A731BF13-EFDF-49A9-8D35-539CF6B86075}
	EndGlobalSection
EndGlobal
